dependencies:
- name: opentelemetry-collector
  repository: https://open-telemetry.github.io/opentelemetry-helm-charts
  version: 0.153.0
- name: jaeger
  repository: https://jaegertracing.github.io/helm-charts
  version: 4.7.0
- name: prometheus
  repository: https://prometheus-community.github.io/helm-charts
  version: 29.6.0
- name: grafana
  repository: https://grafana-community.github.io/helm-charts
  version: 12.3.0
- name: metrics-server
  repository: https://kubernetes-sigs.github.io/metrics-server/
  version: 3.13.1
digest: sha256:8014f0cac239c4bbd7c0918ee08e1f9a55635564753ca208bc8e67a45a71a869
generated: "2026-07-10T22:13:07.9762516+07:00"
